
Microsoft Visual Studio Solution File, Format Version 12.00
# Visual Studio Version 17
VisualStudioVersion = 17.2.32630.192
MinimumVisualStudioVersion = 10.0.40219.1
Project("{FAE04EC0-301F-11D3-BF4B-00C04F79EFBC}") = "HomeWork11.6", "HomeWork11.6\HomeWork11.6.csproj", "{BFA459AB-1D1E-4327-9B61-099F37F10DF8}"
EndProject
Global
	GlobalSection(SolutionConfigurationPlatforms) = preSolution
		Debug|Any CPU = Debug|Any CPU
		Release|Any CPU = Release|Any CPU
	EndGlobalSection
	GlobalSection(ProjectConfigurationPlatforms) = postSolution
		{BFA459AB-1D1E-4327-9B61-099F37F10DF8}.Debug|Any CPU.ActiveCfg = Debug|Any CPU
		{BFA459AB-1D1E-4327-9B61-099F37F10DF8}.Debug|Any CPU.Build.0 = Debug|Any CPU
		{BFA459AB-1D1E-4327-9B61-099F37F10DF8}.Release|Any CPU.ActiveCfg = Release|Any CPU
		{BFA459AB-1D1E-4327-9B61-099F37F10DF8}.Release|Any CPU.Build.0 = Release|Any CPU
	EndGlobalSection
	GlobalSection(SolutionProperties) = preSolution
		HideSolutionNode = FALSE
	EndGlobalSection
	GlobalSection(ExtensibilityGlobals) = postSolution
		SolutionGuid = {3E9BB707-006D-4536-8D10-F9C6A970BB3E}
	EndGlobalSection
EndGlobal
